
Microsoft Visual Studio Solution File, Format Version 12.00
# Visual Studio 14
VisualStudioVersion = 14.0.23107.0
MinimumVisualStudioVersion = 10.0.40219.1
Project("{FAE04EC0-301F-11D3-BF4B-00C04F79EFBC}") = "PowerStart", "Power of God\PowerStart.csproj", "{7B40EF8B-48CE-4D17-9291-DE54F45FD8FF}"
EndProject
Project("{F184B08F-C81C-45F6-A57F-5ABD9991F28F}") = "BibPlanMaker", "BibPlanMaker\BibPlanMaker.vbproj", "{023A0316-B7B7-4E6B-A148-8A922384FBFD}"
EndProject
Project("{FAE04EC0-301F-11D3-BF4B-00C04F79EFBC}") = "Power of God Lib", "Power of God Lib\Power of God Lib.csproj", "{977964A9-4FFD-4DEE-8A00-664FBD782CBF}"
EndProject
Project("{FAE04EC0-301F-11D3-BF4B-00C04F79EFBC}") = "PurposePlugin", "PurposePlugin\PurposePlugin.csproj", "{14A313F1-DD7A-42F2-AB13-A238BB02E534}"
EndProject
Project("{2150E333-8FDC-42A3-9474-1A3956D46DE8}") = "DevPlugins", "DevPlugins", "{7BC058C7-49C8-4E7F-B2DC-6D47FA4CB510}"
EndProject
Project("{FAE04EC0-301F-11D3-BF4B-00C04F79EFBC}") = "LessonPlugin", "LessonPlugin\LessonPlugin.csproj", "{5A2FCAC2-64E7-4C28-9273-84577363FCE7}"
EndProject
Project("{FAE04EC0-301F-11D3-BF4B-00C04F79EFBC}") = "DailyScripturePlugin", "DailyScripturePlugin\DailyScripturePlugin.csproj", "{89EE36A9-6EFC-4335-A91D-7E33FB65B067}"
EndProject
Project("{FAE04EC0-301F-11D3-BF4B-00C04F79EFBC}") = "BiblePlanPlugin", "BiblePlanPlugin\BiblePlanPlugin.csproj", "{ED3D34FE-8EBF-427B-BC43-9F4AC6829962}"
EndProject
Project("{F184B08F-C81C-45F6-A57F-5ABD9991F28F}") = "Updater", "Updater\Updater.vbproj", "{C4B3F23B-EF01-4C4B-9952-BC415A53C6A8}"
EndProject
Global
	GlobalSection(SolutionConfigurationPlatforms) = preSolution
		Debug|Any CPU = Debug|Any CPU
		Release|Any CPU = Release|Any CPU
	EndGlobalSection
	GlobalSection(ProjectConfigurationPlatforms) = postSolution
		{7B40EF8B-48CE-4D17-9291-DE54F45FD8FF}.Debug|Any CPU.ActiveCfg = Debug|Any CPU
		{7B40EF8B-48CE-4D17-9291-DE54F45FD8FF}.Debug|Any CPU.Build.0 = Debug|Any CPU
		{7B40EF8B-48CE-4D17-9291-DE54F45FD8FF}.Release|Any CPU.ActiveCfg = Release|Any CPU
		{7B40EF8B-48CE-4D17-9291-DE54F45FD8FF}.Release|Any CPU.Build.0 = Release|Any CPU
		{023A0316-B7B7-4E6B-A148-8A922384FBFD}.Debug|Any CPU.ActiveCfg = Debug|Any CPU
		{023A0316-B7B7-4E6B-A148-8A922384FBFD}.Debug|Any CPU.Build.0 = Debug|Any CPU
		{023A0316-B7B7-4E6B-A148-8A922384FBFD}.Release|Any CPU.ActiveCfg = Release|Any CPU
		{023A0316-B7B7-4E6B-A148-8A922384FBFD}.Release|Any CPU.Build.0 = Release|Any CPU
		{977964A9-4FFD-4DEE-8A00-664FBD782CBF}.Debug|Any CPU.ActiveCfg = Debug|Any CPU
		{977964A9-4FFD-4DEE-8A00-664FBD782CBF}.Debug|Any CPU.Build.0 = Debug|Any CPU
		{977964A9-4FFD-4DEE-8A00-664FBD782CBF}.Release|Any CPU.ActiveCfg = Release|Any CPU
		{977964A9-4FFD-4DEE-8A00-664FBD782CBF}.Release|Any CPU.Build.0 = Release|Any CPU
		{14A313F1-DD7A-42F2-AB13-A238BB02E534}.Debug|Any CPU.ActiveCfg = Debug|Any CPU
		{14A313F1-DD7A-42F2-AB13-A238BB02E534}.Debug|Any CPU.Build.0 = Debug|Any CPU
		{14A313F1-DD7A-42F2-AB13-A238BB02E534}.Release|Any CPU.ActiveCfg = Release|Any CPU
		{14A313F1-DD7A-42F2-AB13-A238BB02E534}.Release|Any CPU.Build.0 = Release|Any CPU
		{5A2FCAC2-64E7-4C28-9273-84577363FCE7}.Debug|Any CPU.ActiveCfg = Debug|Any CPU
		{5A2FCAC2-64E7-4C28-9273-84577363FCE7}.Debug|Any CPU.Build.0 = Debug|Any CPU
		{5A2FCAC2-64E7-4C28-9273-84577363FCE7}.Release|Any CPU.ActiveCfg = Release|Any CPU
		{5A2FCAC2-64E7-4C28-9273-84577363FCE7}.Release|Any CPU.Build.0 = Release|Any CPU
		{89EE36A9-6EFC-4335-A91D-7E33FB65B067}.Debug|Any CPU.ActiveCfg = Debug|Any CPU
		{89EE36A9-6EFC-4335-A91D-7E33FB65B067}.Debug|Any CPU.Build.0 = Debug|Any CPU
		{89EE36A9-6EFC-4335-A91D-7E33FB65B067}.Release|Any CPU.ActiveCfg = Release|Any CPU
		{89EE36A9-6EFC-4335-A91D-7E33FB65B067}.Release|Any CPU.Build.0 = Release|Any CPU
		{ED3D34FE-8EBF-427B-BC43-9F4AC6829962}.Debug|Any CPU.ActiveCfg = Debug|Any CPU
		{ED3D34FE-8EBF-427B-BC43-9F4AC6829962}.Debug|Any CPU.Build.0 = Debug|Any CPU
		{ED3D34FE-8EBF-427B-BC43-9F4AC6829962}.Release|Any CPU.ActiveCfg = Release|Any CPU
		{ED3D34FE-8EBF-427B-BC43-9F4AC6829962}.Release|Any CPU.Build.0 = Release|Any CPU
		{C4B3F23B-EF01-4C4B-9952-BC415A53C6A8}.Debug|Any CPU.ActiveCfg = Debug|Any CPU
		{C4B3F23B-EF01-4C4B-9952-BC415A53C6A8}.Debug|Any CPU.Build.0 = Debug|Any CPU
		{C4B3F23B-EF01-4C4B-9952-BC415A53C6A8}.Release|Any CPU.ActiveCfg = Release|Any CPU
		{C4B3F23B-EF01-4C4B-9952-BC415A53C6A8}.Release|Any CPU.Build.0 = Release|Any CPU
	EndGlobalSection
	GlobalSection(SolutionProperties) = preSolution
		HideSolutionNode = FALSE
	EndGlobalSection
	GlobalSection(NestedProjects) = preSolution
		{14A313F1-DD7A-42F2-AB13-A238BB02E534} = {7BC058C7-49C8-4E7F-B2DC-6D47FA4CB510}
		{5A2FCAC2-64E7-4C28-9273-84577363FCE7} = {7BC058C7-49C8-4E7F-B2DC-6D47FA4CB510}
		{89EE36A9-6EFC-4335-A91D-7E33FB65B067} = {7BC058C7-49C8-4E7F-B2DC-6D47FA4CB510}
		{ED3D34FE-8EBF-427B-BC43-9F4AC6829962} = {7BC058C7-49C8-4E7F-B2DC-6D47FA4CB510}
	EndGlobalSection
EndGlobal
