
Microsoft Visual Studio Solution File, Format Version 12.00
# Visual Studio 14
VisualStudioVersion = 14.0.23107.0
MinimumVisualStudioVersion = 10.0.40219.1
Project("{E24C65DC-7377-472B-9ABA-BC803B73C61A}") = "ftp://ftp.godispower.us", "ftp://ftp.godispower.us", "{D084DD60-227E-4FAD-83F5-BD52F52B4D75}"
	ProjectSection(WebsiteProperties) = preProject
		TargetFrameworkMoniker = ".NETFramework,Version%3Dv4.0"
		Debug.AspNetCompiler.VirtualPath = "/ftp.godispower.us"
		Debug.AspNetCompiler.PhysicalPath = "..\..\..\..\..\AppData\Local\Temp\VWDWebCache\ftp_ftp.godispower.us_superBibleBoy@godispower.us\"
		Debug.AspNetCompiler.TargetPath = "PrecompiledWeb\ftp.godispower.us\"
		Debug.AspNetCompiler.Updateable = "true"
		Debug.AspNetCompiler.ForceOverwrite = "true"
		Debug.AspNetCompiler.FixedNames = "false"
		Debug.AspNetCompiler.Debug = "True"
		Release.AspNetCompiler.VirtualPath = "/ftp.godispower.us"
		Release.AspNetCompiler.PhysicalPath = "..\..\..\..\..\AppData\Local\Temp\VWDWebCache\ftp_ftp.godispower.us_superBibleBoy@godispower.us\"
		Release.AspNetCompiler.TargetPath = "PrecompiledWeb\ftp.godispower.us\"
		Release.AspNetCompiler.Updateable = "true"
		Release.AspNetCompiler.ForceOverwrite = "true"
		Release.AspNetCompiler.FixedNames = "false"
		Release.AspNetCompiler.Debug = "False"
	EndProjectSection
EndProject
Project("{FAE04EC0-301F-11D3-BF4B-00C04F79EFBC}") = "PowerOfGodUniversal", "PowerOfGodUniversal\PowerOfGodUniversal.csproj", "{D174D0D1-C60F-4A97-B7BB-9AAC5C90B682}"
EndProject
Global
	GlobalSection(SolutionConfigurationPlatforms) = preSolution
		Debug|Any CPU = Debug|Any CPU
		Debug|ARM = Debug|ARM
		Debug|x64 = Debug|x64
		Debug|x86 = Debug|x86
		Release|Any CPU = Release|Any CPU
		Release|ARM = Release|ARM
		Release|x64 = Release|x64
		Release|x86 = Release|x86
	EndGlobalSection
	GlobalSection(ProjectConfigurationPlatforms) = postSolution
		{D084DD60-227E-4FAD-83F5-BD52F52B4D75}.Debug|Any CPU.ActiveCfg = Debug|Any CPU
		{D084DD60-227E-4FAD-83F5-BD52F52B4D75}.Debug|Any CPU.Build.0 = Debug|Any CPU
		{D084DD60-227E-4FAD-83F5-BD52F52B4D75}.Debug|ARM.ActiveCfg = Debug|Any CPU
		{D084DD60-227E-4FAD-83F5-BD52F52B4D75}.Debug|ARM.Build.0 = Debug|Any CPU
		{D084DD60-227E-4FAD-83F5-BD52F52B4D75}.Debug|x64.ActiveCfg = Debug|Any CPU
		{D084DD60-227E-4FAD-83F5-BD52F52B4D75}.Debug|x64.Build.0 = Debug|Any CPU
		{D084DD60-227E-4FAD-83F5-BD52F52B4D75}.Debug|x86.ActiveCfg = Debug|Any CPU
		{D084DD60-227E-4FAD-83F5-BD52F52B4D75}.Debug|x86.Build.0 = Debug|Any CPU
		{D084DD60-227E-4FAD-83F5-BD52F52B4D75}.Release|Any CPU.ActiveCfg = Debug|Any CPU
		{D084DD60-227E-4FAD-83F5-BD52F52B4D75}.Release|Any CPU.Build.0 = Debug|Any CPU
		{D084DD60-227E-4FAD-83F5-BD52F52B4D75}.Release|ARM.ActiveCfg = Debug|Any CPU
		{D084DD60-227E-4FAD-83F5-BD52F52B4D75}.Release|ARM.Build.0 = Debug|Any CPU
		{D084DD60-227E-4FAD-83F5-BD52F52B4D75}.Release|x64.ActiveCfg = Debug|Any CPU
		{D084DD60-227E-4FAD-83F5-BD52F52B4D75}.Release|x64.Build.0 = Debug|Any CPU
		{D084DD60-227E-4FAD-83F5-BD52F52B4D75}.Release|x86.ActiveCfg = Debug|Any CPU
		{D084DD60-227E-4FAD-83F5-BD52F52B4D75}.Release|x86.Build.0 = Debug|Any CPU
		{D174D0D1-C60F-4A97-B7BB-9AAC5C90B682}.Debug|Any CPU.ActiveCfg = Debug|x86
		{D174D0D1-C60F-4A97-B7BB-9AAC5C90B682}.Debug|Any CPU.Build.0 = Debug|x86
		{D174D0D1-C60F-4A97-B7BB-9AAC5C90B682}.Debug|Any CPU.Deploy.0 = Debug|x86
		{D174D0D1-C60F-4A97-B7BB-9AAC5C90B682}.Debug|ARM.ActiveCfg = Debug|ARM
		{D174D0D1-C60F-4A97-B7BB-9AAC5C90B682}.Debug|ARM.Build.0 = Debug|ARM
		{D174D0D1-C60F-4A97-B7BB-9AAC5C90B682}.Debug|ARM.Deploy.0 = Debug|ARM
		{D174D0D1-C60F-4A97-B7BB-9AAC5C90B682}.Debug|x64.ActiveCfg = Debug|x64
		{D174D0D1-C60F-4A97-B7BB-9AAC5C90B682}.Debug|x64.Build.0 = Debug|x64
		{D174D0D1-C60F-4A97-B7BB-9AAC5C90B682}.Debug|x64.Deploy.0 = Debug|x64
		{D174D0D1-C60F-4A97-B7BB-9AAC5C90B682}.Debug|x86.ActiveCfg = Debug|x86
		{D174D0D1-C60F-4A97-B7BB-9AAC5C90B682}.Debug|x86.Build.0 = Debug|x86
		{D174D0D1-C60F-4A97-B7BB-9AAC5C90B682}.Debug|x86.Deploy.0 = Debug|x86
		{D174D0D1-C60F-4A97-B7BB-9AAC5C90B682}.Release|Any CPU.ActiveCfg = Release|x86
		{D174D0D1-C60F-4A97-B7BB-9AAC5C90B682}.Release|ARM.ActiveCfg = Release|ARM
		{D174D0D1-C60F-4A97-B7BB-9AAC5C90B682}.Release|ARM.Build.0 = Release|ARM
		{D174D0D1-C60F-4A97-B7BB-9AAC5C90B682}.Release|ARM.Deploy.0 = Release|ARM
		{D174D0D1-C60F-4A97-B7BB-9AAC5C90B682}.Release|x64.ActiveCfg = Release|x64
		{D174D0D1-C60F-4A97-B7BB-9AAC5C90B682}.Release|x64.Build.0 = Release|x64
		{D174D0D1-C60F-4A97-B7BB-9AAC5C90B682}.Release|x64.Deploy.0 = Release|x64
		{D174D0D1-C60F-4A97-B7BB-9AAC5C90B682}.Release|x86.ActiveCfg = Release|x86
		{D174D0D1-C60F-4A97-B7BB-9AAC5C90B682}.Release|x86.Build.0 = Release|x86
		{D174D0D1-C60F-4A97-B7BB-9AAC5C90B682}.Release|x86.Deploy.0 = Release|x86
	EndGlobalSection
	GlobalSection(SolutionProperties) = preSolution
		HideSolutionNode = FALSE
	EndGlobalSection
EndGlobal
